
Microsoft Visual Studio Solution File, Format Version 12.00
# Visual Studio Version 17
VisualStudioVersion = 17.4.33122.133
MinimumVisualStudioVersion = 10.0.40219.1
Project("{FAE04EC0-301F-11D3-BF4B-00C04F79EFBC}") = "Day19RegularExpression", "Day19RegularExpression\Day19RegularExpression.csproj", "{8C6DD581-A862-4923-8546-3F96413D9A00}"
EndProject
Global
	GlobalSection(SolutionConfigurationPlatforms) = preSolution
		Debug|Any CPU = Debug|Any CPU
		Release|Any CPU = Release|Any CPU
	EndGlobalSection
	GlobalSection(ProjectConfigurationPlatforms) = postSolution
		{8C6DD581-A862-4923-8546-3F96413D9A00}.Debug|Any CPU.ActiveCfg = Debug|Any CPU
		{8C6DD581-A862-4923-8546-3F96413D9A00}.Debug|Any CPU.Build.0 = Debug|Any CPU
		{8C6DD581-A862-4923-8546-3F96413D9A00}.Release|Any CPU.ActiveCfg = Release|Any CPU
		{8C6DD581-A862-4923-8546-3F96413D9A00}.Release|Any CPU.Build.0 = Release|Any CPU
	EndGlobalSection
	GlobalSection(SolutionProperties) = preSolution
		HideSolutionNode = FALSE
	EndGlobalSection
	GlobalSection(ExtensibilityGlobals) = postSolution
		SolutionGuid = {AD0321BE-A36F-44DB-855F-3F4584F632A8}
	EndGlobalSection
EndGlobal
